
Microsoft Visual Studio Solution File, Format Version 12.00
# Visual Studio Version 17
VisualStudioVersion = 17.0.32126.317
MinimumVisualStudioVersion = 10.0.40219.1
Project("{FAE04EC0-301F-11D3-BF4B-00C04F79EFBC}") = "GymHubAPI", "GymHubAPI\GymHubAPI.csproj", "{03D2C6AF-EF93-48C7-8A16-A8F0C5413701}"
EndProject
Global
	GlobalSection(SolutionConfigurationPlatforms) = preSolution
		Debug|Any CPU = Debug|Any CPU
		Release|Any CPU = Release|Any CPU
	EndGlobalSection
	GlobalSection(ProjectConfigurationPlatforms) = postSolution
		{03D2C6AF-EF93-48C7-8A16-A8F0C5413701}.Debug|Any CPU.ActiveCfg = Debug|Any CPU
		{03D2C6AF-EF93-48C7-8A16-A8F0C5413701}.Debug|Any CPU.Build.0 = Debug|Any CPU
		{03D2C6AF-EF93-48C7-8A16-A8F0C5413701}.Release|Any CPU.ActiveCfg = Release|Any CPU
		{03D2C6AF-EF93-48C7-8A16-A8F0C5413701}.Release|Any CPU.Build.0 = Release|Any CPU
	EndGlobalSection
	GlobalSection(SolutionProperties) = preSolution
		HideSolutionNode = FALSE
	EndGlobalSection
	GlobalSection(ExtensibilityGlobals) = postSolution
		SolutionGuid = {28F261E5-A0F4-4BC9-82C2-8AE90193611A}
	EndGlobalSection
EndGlobal
